
Microsoft Visual Studio Solution File, Format Version 12.00
# Visual Studio 14
VisualStudioVersion = 14.0.25123.0
MinimumVisualStudioVersion = 10.0.40219.1
Project("{FAE04EC0-301F-11D3-BF4B-00C04F79EFBC}") = "Klarna", "Klarna\Klarna.csproj", "{2B59E8A3-0F95-4AD1-A296-6D1DE0E3E665}"
EndProject
Project("{FAE04EC0-301F-11D3-BF4B-00C04F79EFBC}") = "Offline", "Offline\Offline.csproj", "{4BA69922-F7A1-4F62-8208-6E43D72838A5}"
EndProject
Project("{FAE04EC0-301F-11D3-BF4B-00C04F79EFBC}") = "OfflineDemoApp", "OfflineDemoApp\OfflineDemoApp.csproj", "{AB16BBDD-BCBF-40A7-B12E-94F2CFE6DC8C}"
EndProject
Project("{FAE04EC0-301F-11D3-BF4B-00C04F79EFBC}") = "OrderManagement", "OrderManagement\OrderManagement.csproj", "{6D5E8D42-8FD0-47CA-8A56-087A923ADD04}"
EndProject
Global
	GlobalSection(SolutionConfigurationPlatforms) = preSolution
		Debug|Any CPU = Debug|Any CPU
		Release|Any CPU = Release|Any CPU
	EndGlobalSection
	GlobalSection(ProjectConfigurationPlatforms) = postSolution
		{2B59E8A3-0F95-4AD1-A296-6D1DE0E3E665}.Debug|Any CPU.ActiveCfg = Debug|Any CPU
		{2B59E8A3-0F95-4AD1-A296-6D1DE0E3E665}.Debug|Any CPU.Build.0 = Debug|Any CPU
		{2B59E8A3-0F95-4AD1-A296-6D1DE0E3E665}.Release|Any CPU.ActiveCfg = Release|Any CPU
		{2B59E8A3-0F95-4AD1-A296-6D1DE0E3E665}.Release|Any CPU.Build.0 = Release|Any CPU
		{4BA69922-F7A1-4F62-8208-6E43D72838A5}.Debug|Any CPU.ActiveCfg = Debug|Any CPU
		{4BA69922-F7A1-4F62-8208-6E43D72838A5}.Debug|Any CPU.Build.0 = Debug|Any CPU
		{4BA69922-F7A1-4F62-8208-6E43D72838A5}.Release|Any CPU.ActiveCfg = Release|Any CPU
		{4BA69922-F7A1-4F62-8208-6E43D72838A5}.Release|Any CPU.Build.0 = Release|Any CPU
		{AB16BBDD-BCBF-40A7-B12E-94F2CFE6DC8C}.Debug|Any CPU.ActiveCfg = Debug|Any CPU
		{AB16BBDD-BCBF-40A7-B12E-94F2CFE6DC8C}.Debug|Any CPU.Build.0 = Debug|Any CPU
		{AB16BBDD-BCBF-40A7-B12E-94F2CFE6DC8C}.Release|Any CPU.ActiveCfg = Release|Any CPU
		{AB16BBDD-BCBF-40A7-B12E-94F2CFE6DC8C}.Release|Any CPU.Build.0 = Release|Any CPU
		{6D5E8D42-8FD0-47CA-8A56-087A923ADD04}.Debug|Any CPU.ActiveCfg = Debug|Any CPU
		{6D5E8D42-8FD0-47CA-8A56-087A923ADD04}.Debug|Any CPU.Build.0 = Debug|Any CPU
		{6D5E8D42-8FD0-47CA-8A56-087A923ADD04}.Release|Any CPU.ActiveCfg = Release|Any CPU
		{6D5E8D42-8FD0-47CA-8A56-087A923ADD04}.Release|Any CPU.Build.0 = Release|Any CPU
	EndGlobalSection
	GlobalSection(SolutionProperties) = preSolution
		HideSolutionNode = FALSE
	EndGlobalSection
EndGlobal
